
Microsoft Visual Studio Solution File, Format Version 12.00
# Visual Studio Version 17
VisualStudioVersion = 17.0.31825.309
MinimumVisualStudioVersion = 10.0.40219.1
Project("{FAE04EC0-301F-11D3-BF4B-00C04F79EFBC}") = "Rise.App", "Rise Media Player Dev\Rise.App.csproj", "{5DF9776E-7514-4365-A6FB-7718BA80945D}"
EndProject
Project("{FAE04EC0-301F-11D3-BF4B-00C04F79EFBC}") = "Rise.Models", "Rise.Models\Rise.Models.csproj", "{17D51104-B536-4D03-BD8B-74E0CCE49CFB}"
EndProject
Project("{FAE04EC0-301F-11D3-BF4B-00C04F79EFBC}") = "Rise.Data", "Rise.Data\Rise.Data.csproj", "{5185BB21-8B6A-4C08-8C50-4E1B8F57B2D5}"
EndProject
Project("{FAE04EC0-301F-11D3-BF4B-00C04F79EFBC}") = "Rise.Common", "Rise.Common\Rise.Common.csproj", "{86322C85-900E-4BC8-959B-141CDFD68231}"
EndProject
Project("{FAE04EC0-301F-11D3-BF4B-00C04F79EFBC}") = "Rise.Repository", "Rise.NewRepository\Rise.Repository.csproj", "{1319CE6D-828F-4024-93C9-4052F3F053BA}"
EndProject
Project("{FAE04EC0-301F-11D3-BF4B-00C04F79EFBC}") = "Rise.Effects", "Rise.Effects\Rise.Effects.csproj", "{5DE7E2F1-4095-45A1-914D-98047CD29736}"
EndProject
Global
	GlobalSection(SolutionConfigurationPlatforms) = preSolution
		Debug|Any CPU = Debug|Any CPU
		Debug|ARM64 = Debug|ARM64
		Debug|x64 = Debug|x64
		Debug|x86 = Debug|x86
		Release|Any CPU = Release|Any CPU
		Release|ARM64 = Release|ARM64
		Release|x64 = Release|x64
		Release|x86 = Release|x86
	EndGlobalSection
	GlobalSection(ProjectConfigurationPlatforms) = postSolution
		{5DF9776E-7514-4365-A6FB-7718BA80945D}.Debug|Any CPU.ActiveCfg = Debug|x86
		{5DF9776E-7514-4365-A6FB-7718BA80945D}.Debug|Any CPU.Build.0 = Debug|x86
		{5DF9776E-7514-4365-A6FB-7718BA80945D}.Debug|Any CPU.Deploy.0 = Debug|x86
		{5DF9776E-7514-4365-A6FB-7718BA80945D}.Debug|ARM64.ActiveCfg = Debug|ARM64
		{5DF9776E-7514-4365-A6FB-7718BA80945D}.Debug|ARM64.Build.0 = Debug|ARM64
		{5DF9776E-7514-4365-A6FB-7718BA80945D}.Debug|ARM64.Deploy.0 = Debug|ARM64
		{5DF9776E-7514-4365-A6FB-7718BA80945D}.Debug|x64.ActiveCfg = Debug|x64
		{5DF9776E-7514-4365-A6FB-7718BA80945D}.Debug|x64.Build.0 = Debug|x64
		{5DF9776E-7514-4365-A6FB-7718BA80945D}.Debug|x64.Deploy.0 = Debug|x64
		{5DF9776E-7514-4365-A6FB-7718BA80945D}.Debug|x86.ActiveCfg = Debug|x86
		{5DF9776E-7514-4365-A6FB-7718BA80945D}.Debug|x86.Build.0 = Debug|x86
		{5DF9776E-7514-4365-A6FB-7718BA80945D}.Debug|x86.Deploy.0 = Debug|x86
		{5DF9776E-7514-4365-A6FB-7718BA80945D}.Release|Any CPU.ActiveCfg = Release|x86
		{5DF9776E-7514-4365-A6FB-7718BA80945D}.Release|Any CPU.Build.0 = Release|x86
		{5DF9776E-7514-4365-A6FB-7718BA80945D}.Release|Any CPU.Deploy.0 = Release|x86
		{5DF9776E-7514-4365-A6FB-7718BA80945D}.Release|ARM64.ActiveCfg = Release|ARM64
		{5DF9776E-7514-4365-A6FB-7718BA80945D}.Release|ARM64.Build.0 = Release|ARM64
		{5DF9776E-7514-4365-A6FB-7718BA80945D}.Release|ARM64.Deploy.0 = Release|ARM64
		{5DF9776E-7514-4365-A6FB-7718BA80945D}.Release|x64.ActiveCfg = Release|x64
		{5DF9776E-7514-4365-A6FB-7718BA80945D}.Release|x64.Build.0 = Release|x64
		{5DF9776E-7514-4365-A6FB-7718BA80945D}.Release|x64.Deploy.0 = Release|x64
		{5DF9776E-7514-4365-A6FB-7718BA80945D}.Release|x86.ActiveCfg = Release|x86
		{5DF9776E-7514-4365-A6FB-7718BA80945D}.Release|x86.Build.0 = Release|x86
		{5DF9776E-7514-4365-A6FB-7718BA80945D}.Release|x86.Deploy.0 = Release|x86
		{17D51104-B536-4D03-BD8B-74E0CCE49CFB}.Debug|Any CPU.ActiveCfg = Debug|Any CPU
		{17D51104-B536-4D03-BD8B-74E0CCE49CFB}.Debug|Any CPU.Build.0 = Debug|Any CPU
		{17D51104-B536-4D03-BD8B-74E0CCE49CFB}.Debug|ARM64.ActiveCfg = Debug|ARM64
		{17D51104-B536-4D03-BD8B-74E0CCE49CFB}.Debug|ARM64.Build.0 = Debug|ARM64
		{17D51104-B536-4D03-BD8B-74E0CCE49CFB}.Debug|x64.ActiveCfg = Debug|x64
		{17D51104-B536-4D03-BD8B-74E0CCE49CFB}.Debug|x64.Build.0 = Debug|x64
		{17D51104-B536-4D03-BD8B-74E0CCE49CFB}.Debug|x86.ActiveCfg = Debug|x86
		{17D51104-B536-4D03-BD8B-74E0CCE49CFB}.Debug|x86.Build.0 = Debug|x86
		{17D51104-B536-4D03-BD8B-74E0CCE49CFB}.Release|Any CPU.ActiveCfg = Release|Any CPU
		{17D51104-B536-4D03-BD8B-74E0CCE49CFB}.Release|Any CPU.Build.0 = Release|Any CPU
		{17D51104-B536-4D03-BD8B-74E0CCE49CFB}.Release|ARM64.ActiveCfg = Release|ARM64
		{17D51104-B536-4D03-BD8B-74E0CCE49CFB}.Release|ARM64.Build.0 = Release|ARM64
		{17D51104-B536-4D03-BD8B-74E0CCE49CFB}.Release|x64.ActiveCfg = Release|x64
		{17D51104-B536-4D03-BD8B-74E0CCE49CFB}.Release|x64.Build.0 = Release|x64
		{17D51104-B536-4D03-BD8B-74E0CCE49CFB}.Release|x86.ActiveCfg = Release|x86
		{17D51104-B536-4D03-BD8B-74E0CCE49CFB}.Release|x86.Build.0 = Release|x86
		{5185BB21-8B6A-4C08-8C50-4E1B8F57B2D5}.Debug|Any CPU.ActiveCfg = Debug|Any CPU
		{5185BB21-8B6A-4C08-8C50-4E1B8F57B2D5}.Debug|Any CPU.Build.0 = Debug|Any CPU
		{5185BB21-8B6A-4C08-8C50-4E1B8F57B2D5}.Debug|ARM64.ActiveCfg = Debug|ARM64
		{5185BB21-8B6A-4C08-8C50-4E1B8F57B2D5}.Debug|ARM64.Build.0 = Debug|ARM64
		{5185BB21-8B6A-4C08-8C50-4E1B8F57B2D5}.Debug|x64.ActiveCfg = Debug|x64
		{5185BB21-8B6A-4C08-8C50-4E1B8F57B2D5}.Debug|x64.Build.0 = Debug|x64
		{5185BB21-8B6A-4C08-8C50-4E1B8F57B2D5}.Debug|x86.ActiveCfg = Debug|x86
		{5185BB21-8B6A-4C08-8C50-4E1B8F57B2D5}.Debug|x86.Build.0 = Debug|x86
		{5185BB21-8B6A-4C08-8C50-4E1B8F57B2D5}.Release|Any CPU.ActiveCfg = Release|Any CPU
		{5185BB21-8B6A-4C08-8C50-4E1B8F57B2D5}.Release|Any CPU.Build.0 = Release|Any CPU
		{5185BB21-8B6A-4C08-8C50-4E1B8F57B2D5}.Release|ARM64.ActiveCfg = Release|ARM64
		{5185BB21-8B6A-4C08-8C50-4E1B8F57B2D5}.Release|ARM64.Build.0 = Release|ARM64
		{5185BB21-8B6A-4C08-8C50-4E1B8F57B2D5}.Release|x64.ActiveCfg = Release|x64
		{5185BB21-8B6A-4C08-8C50-4E1B8F57B2D5}.Release|x64.Build.0 = Release|x64
		{5185BB21-8B6A-4C08-8C50-4E1B8F57B2D5}.Release|x86.ActiveCfg = Release|x86
		{5185BB21-8B6A-4C08-8C50-4E1B8F57B2D5}.Release|x86.Build.0 = Release|x86
		{86322C85-900E-4BC8-959B-141CDFD68231}.Debug|Any CPU.ActiveCfg = Debug|Any CPU
		{86322C85-900E-4BC8-959B-141CDFD68231}.Debug|Any CPU.Build.0 = Debug|Any CPU
		{86322C85-900E-4BC8-959B-141CDFD68231}.Debug|ARM64.ActiveCfg = Debug|ARM64
		{86322C85-900E-4BC8-959B-141CDFD68231}.Debug|ARM64.Build.0 = Debug|ARM64
		{86322C85-900E-4BC8-959B-141CDFD68231}.Debug|x64.ActiveCfg = Debug|x64
		{86322C85-900E-4BC8-959B-141CDFD68231}.Debug|x64.Build.0 = Debug|x64
		{86322C85-900E-4BC8-959B-141CDFD68231}.Debug|x86.ActiveCfg = Debug|x86
		{86322C85-900E-4BC8-959B-141CDFD68231}.Debug|x86.Build.0 = Debug|x86
		{86322C85-900E-4BC8-959B-141CDFD68231}.Release|Any CPU.ActiveCfg = Release|Any CPU
		{86322C85-900E-4BC8-959B-141CDFD68231}.Release|Any CPU.Build.0 = Release|Any CPU
		{86322C85-900E-4BC8-959B-141CDFD68231}.Release|ARM64.ActiveCfg = Release|ARM64
		{86322C85-900E-4BC8-959B-141CDFD68231}.Release|ARM64.Build.0 = Release|ARM64
		{86322C85-900E-4BC8-959B-141CDFD68231}.Release|x64.ActiveCfg = Release|x64
		{86322C85-900E-4BC8-959B-141CDFD68231}.Release|x64.Build.0 = Release|x64
		{86322C85-900E-4BC8-959B-141CDFD68231}.Release|x86.ActiveCfg = Release|x86
		{86322C85-900E-4BC8-959B-141CDFD68231}.Release|x86.Build.0 = Release|x86
		{1319CE6D-828F-4024-93C9-4052F3F053BA}.Debug|Any CPU.ActiveCfg = Debug|Any CPU
		{1319CE6D-828F-4024-93C9-4052F3F053BA}.Debug|Any CPU.Build.0 = Debug|Any CPU
		{1319CE6D-828F-4024-93C9-4052F3F053BA}.Debug|ARM64.ActiveCfg = Debug|ARM64
		{1319CE6D-828F-4024-93C9-4052F3F053BA}.Debug|ARM64.Build.0 = Debug|ARM64
		{1319CE6D-828F-4024-93C9-4052F3F053BA}.Debug|x64.ActiveCfg = Debug|x64
		{1319CE6D-828F-4024-93C9-4052F3F053BA}.Debug|x64.Build.0 = Debug|x64
		{1319CE6D-828F-4024-93C9-4052F3F053BA}.Debug|x86.ActiveCfg = Debug|x86
		{1319CE6D-828F-4024-93C9-4052F3F053BA}.Debug|x86.Build.0 = Debug|x86
		{1319CE6D-828F-4024-93C9-4052F3F053BA}.Release|Any CPU.ActiveCfg = Release|Any CPU
		{1319CE6D-828F-4024-93C9-4052F3F053BA}.Release|Any CPU.Build.0 = Release|Any CPU
		{1319CE6D-828F-4024-93C9-4052F3F053BA}.Release|ARM64.ActiveCfg = Release|ARM64
		{1319CE6D-828F-4024-93C9-4052F3F053BA}.Release|ARM64.Build.0 = Release|ARM64
		{1319CE6D-828F-4024-93C9-4052F3F053BA}.Release|x64.ActiveCfg = Release|x64
		{1319CE6D-828F-4024-93C9-4052F3F053BA}.Release|x64.Build.0 = Release|x64
		{1319CE6D-828F-4024-93C9-4052F3F053BA}.Release|x86.ActiveCfg = Release|x86
		{1319CE6D-828F-4024-93C9-4052F3F053BA}.Release|x86.Build.0 = Release|x86
		{5DE7E2F1-4095-45A1-914D-98047CD29736}.Debug|Any CPU.ActiveCfg = Debug|Any CPU
		{5DE7E2F1-4095-45A1-914D-98047CD29736}.Debug|Any CPU.Build.0 = Debug|Any CPU
		{5DE7E2F1-4095-45A1-914D-98047CD29736}.Debug|ARM64.ActiveCfg = Debug|ARM64
		{5DE7E2F1-4095-45A1-914D-98047CD29736}.Debug|ARM64.Build.0 = Debug|ARM64
		{5DE7E2F1-4095-45A1-914D-98047CD29736}.Debug|x64.ActiveCfg = Debug|x64
		{5DE7E2F1-4095-45A1-914D-98047CD29736}.Debug|x64.Build.0 = Debug|x64
		{5DE7E2F1-4095-45A1-914D-98047CD29736}.Debug|x86.ActiveCfg = Debug|x86
		{5DE7E2F1-4095-45A1-914D-98047CD29736}.Debug|x86.Build.0 = Debug|x86
		{5DE7E2F1-4095-45A1-914D-98047CD29736}.Release|Any CPU.ActiveCfg = Release|Any CPU
		{5DE7E2F1-4095-45A1-914D-98047CD29736}.Release|Any CPU.Build.0 = Release|Any CPU
		{5DE7E2F1-4095-45A1-914D-98047CD29736}.Release|ARM64.ActiveCfg = Release|ARM64
		{5DE7E2F1-4095-45A1-914D-98047CD29736}.Release|ARM64.Build.0 = Release|ARM64
		{5DE7E2F1-4095-45A1-914D-98047CD29736}.Release|x64.ActiveCfg = Release|x64
		{5DE7E2F1-4095-45A1-914D-98047CD29736}.Release|x64.Build.0 = Release|x64
		{5DE7E2F1-4095-45A1-914D-98047CD29736}.Release|x86.ActiveCfg = Release|x86
		{5DE7E2F1-4095-45A1-914D-98047CD29736}.Release|x86.Build.0 = Release|x86
	EndGlobalSection
	GlobalSection(SolutionProperties) = preSolution
		HideSolutionNode = FALSE
	EndGlobalSection
	GlobalSection(ExtensibilityGlobals) = postSolution
		SolutionGuid = {F16D8FFB-3631-4321-9D50-9CA5D4BCE13A}
	EndGlobalSection
EndGlobal
